<?xml version="1.0" encoding="utf-8"?>
<Project ToolsVersion="4.0" xmlns="http://schemas.microsoft.com/developer/msbuild/2003">
  <ItemGroup>
    <Filter Include="Source Files">
      <UniqueIdentifier>{4FC737F1-C7A5-4376-A066-2A32D752A2FF}</UniqueIdentifier>
      <Extensions>cpp;c;cc;cxx;def;odl;idl;hpj;bat;asm;asmx</Extensions>
    </Filter>
    <Filter Include="Header Files">
      <UniqueIdentifier>{93995380-89BD-4b04-88EB-625FBE52EBFB}</UniqueIdentifier>
      <Extensions>h;hh;hpp;hxx;hm;inl;inc;ipp;xsd</Extensions>
    </Filter>
    <Filter Include="Resource Files">
      <UniqueIdentifier>{67DA6AB6-F800-4c08-8B7A-83BB121AAD01}</UniqueIdentifier>
      <Extensions>rc;ico;cur;bmp;dlg;rc2;rct;bin;rgs;gif;jpg;jpeg;jpe;resx;tiff;tif;png;wav;mfcribbon-ms</Extensions>
    </Filter>
    <Filter Include="pic">
      <UniqueIdentifier>{21b45765-5ab6-4ca2-8db3-b2d84d5aea1f}</UniqueIdentifier>
    </Filter>
    <Filter Include="pic\avatar">
      <UniqueIdentifier>{c3dd0e69-9c0e-4fa6-b0c7-9bb154a2ee73}</UniqueIdentifier>
    </Filter>
    <Filter Include="pic\font">
      <UniqueIdentifier>{6e221eca-cc2f-4cbf-b13c-f24821f325e5}</UniqueIdentifier>
    </Filter>
    <Filter Include="AudioAssets">
      <UniqueIdentifier>{8a189e2c-a6da-40f5-be2c-a207674714a1}</UniqueIdentifier>
    </Filter>
    <Filter Include="Fonts">
      <UniqueIdentifier>{fa034784-bbbf-4cd3-acbc-dbc8a52f611c}</UniqueIdentifier>
    </Filter>
  </ItemGroup>
  <ItemGroup>
    <ClCompile Include="Source.cpp">
      <Filter>Source Files</Filter>
    </ClCompile>
    <ClCompile Include="Game.cpp">
      <Filter>Source Files</Filter>
    </ClCompile>
    <ClCompile Include="Player.cpp">
      <Filter>Source Files</Filter>
    </ClCompile>
    <ClCompile Include="Collider.cpp">
      <Filter>Source Files</Filter>
    </ClCompile>
    <ClCompile Include="Animation.cpp">
      <Filter>Source Files</Filter>
    </ClCompile>
    <ClCompile Include="Bullet.cpp">
      <Filter>Source Files</Filter>
    </ClCompile>
    <ClCompile Include="Arena.cpp">
      <Filter>Source Files</Filter>
    </ClCompile>
    <ClCompile Include="playerController.cpp">
      <Filter>Source Files</Filter>
    </ClCompile>
    <ClCompile Include="MainMenu.cpp">
      <Filter>Source Files</Filter>
    </ClCompile>
    <ClCompile Include="Audio.cpp">
      <Filter>Source Files</Filter>
    </ClCompile>
    <ClCompile Include="Connect.cpp">
      <Filter>Source Files</Filter>
    </ClCompile>
  </ItemGroup>
  <ItemGroup>
    <ClInclude Include="Game.h">
      <Filter>Header Files</Filter>
    </ClInclude>
    <ClInclude Include="Player.h">
      <Filter>Header Files</Filter>
    </ClInclude>
    <ClInclude Include="Collider.h">
      <Filter>Header Files</Filter>
    </ClInclude>
    <ClInclude Include="Animation.h">
      <Filter>Header Files</Filter>
    </ClInclude>
    <ClInclude Include="Bullet.h">
      <Filter>Header Files</Filter>
    </ClInclude>
    <ClInclude Include="Arena.h">
      <Filter>Header Files</Filter>
    </ClInclude>
    <ClInclude Include="playerController.h">
      <Filter>Header Files</Filter>
    </ClInclude>
    <ClInclude Include="MainMenu.h">
      <Filter>Header Files</Filter>
    </ClInclude>
    <ClInclude Include="Audio.h">
      <Filter>Header Files</Filter>
    </ClInclude>
    <ClInclude Include="Networking.h">
      <Filter>Header Files</Filter>
    </ClInclude>
    <ClInclude Include="Connect.h">
      <Filter>Header Files</Filter>
    </ClInclude>
  </ItemGroup>
  <ItemGroup>
    <Image Include="pic\army1.png">
      <Filter>pic</Filter>
    </Image>
    <Image Include="pic\right3.png">
      <Filter>pic</Filter>
    </Image>
    <Image Include="pic\faceleft.png">
      <Filter>pic</Filter>
    </Image>
    <Image Include="pic\faceright.png">
      <Filter>pic</Filter>
    </Image>
    <Image Include="G:\Inimical-Battleground\pic\a.png">
      <Filter>pic</Filter>
    </Image>
    <Image Include="pic\arena1.png">
      <Filter>pic</Filter>
    </Image>
    <Image Include="pic\newarena.png">
      <Filter>pic</Filter>
    </Image>
    <Image Include="pic\arena.png">
      <Filter>pic</Filter>
    </Image>
    <Image Include="pic\newarena1.png">
      <Filter>pic</Filter>
    </Image>
    <Image Include="pic\newarena2.png">
      <Filter>pic</Filter>
    </Image>
    <Image Include="pic\font\exit.png">
      <Filter>pic\font</Filter>
    </Image>
    <Image Include="pic\font\exit1.png">
      <Filter>pic\font</Filter>
    </Image>
    <Image Include="pic\font\logo.png">
      <Filter>pic\font</Filter>
    </Image>
    <Image Include="pic\font\play.png">
      <Filter>pic\font</Filter>
    </Image>
    <Image Include="pic\font\play1.png">
      <Filter>pic\font</Filter>
    </Image>
    <Image Include="pic\gameover.png">
      <Filter>pic</Filter>
    </Image>
    <Image Include="pic\win.png">
      <Filter>pic</Filter>
    </Image>
  </ItemGroup>
  <ItemGroup>
    <Font Include="pic\font\Splatch.ttf">
      <Filter>pic\font</Filter>
    </Font>
    <Font Include="pic\font\DejaVuSans.ttf">
      <Filter>pic\font</Filter>
    </Font>
  </ItemGroup>
  <ItemGroup>
    <Media Include="AudioAssets\gun.wav">
      <Filter>AudioAssets</Filter>
    </Media>
    <Media Include="AudioAssets\gun_shot.mp3">
      <Filter>AudioAssets</Filter>
    </Media>
  </ItemGroup>
  <ItemGroup>
    <None Include="AudioAssets\splash.aac">
      <Filter>AudioAssets</Filter>
    </None>
  </ItemGroup>
</Project>